
Microsoft Visual Studio Solution File, Format Version 12.00
# Visual Studio Version 16
VisualStudioVersion = 16.0.29424.173
MinimumVisualStudioVersion = 10.0.40219.1
Project("{FAE04EC0-301F-11D3-BF4B-00C04F79EFBC}") = "NEWSoulsFormatsTester", "NEWSoulsFormatsTester\NEWSoulsFormatsTester.csproj", "{2143BE65-6793-476F-9DD7-ADB82E5BB0C1}"
EndProject
Project("{FAE04EC0-301F-11D3-BF4B-00C04F79EFBC}") = "SoulsFormatsExtensions", "SoulsFormatsExtensions\SoulsFormatsExtensions.csproj", "{9B4CFA0A-4916-43F1-A0F2-AA9F7690A51B}"
EndProject
Project("{9A19103F-16F7-4668-BE54-9A1E7A4F7556}") = "SoulsFormats", "SoulsFormats\SoulsFormats\SoulsFormats.csproj", "{6081DBF1-46CE-4983-A125-71B0133C7B60}"
EndProject
Global
	GlobalSection(SolutionConfigurationPlatforms) = preSolution
		Debug|Any CPU = Debug|Any CPU
		Release|Any CPU = Release|Any CPU
	EndGlobalSection
	GlobalSection(ProjectConfigurationPlatforms) = postSolution
		{2143BE65-6793-476F-9DD7-ADB82E5BB0C1}.Debug|Any CPU.ActiveCfg = Debug|Any CPU
		{2143BE65-6793-476F-9DD7-ADB82E5BB0C1}.Debug|Any CPU.Build.0 = Debug|Any CPU
		{2143BE65-6793-476F-9DD7-ADB82E5BB0C1}.Release|Any CPU.ActiveCfg = Release|Any CPU
		{2143BE65-6793-476F-9DD7-ADB82E5BB0C1}.Release|Any CPU.Build.0 = Release|Any CPU
		{9B4CFA0A-4916-43F1-A0F2-AA9F7690A51B}.Debug|Any CPU.ActiveCfg = Debug|Any CPU
		{9B4CFA0A-4916-43F1-A0F2-AA9F7690A51B}.Debug|Any CPU.Build.0 = Debug|Any CPU
		{9B4CFA0A-4916-43F1-A0F2-AA9F7690A51B}.Release|Any CPU.ActiveCfg = Release|Any CPU
		{9B4CFA0A-4916-43F1-A0F2-AA9F7690A51B}.Release|Any CPU.Build.0 = Release|Any CPU
		{6081DBF1-46CE-4983-A125-71B0133C7B60}.Debug|Any CPU.ActiveCfg = Debug|Any CPU
		{6081DBF1-46CE-4983-A125-71B0133C7B60}.Debug|Any CPU.Build.0 = Debug|Any CPU
		{6081DBF1-46CE-4983-A125-71B0133C7B60}.Release|Any CPU.ActiveCfg = Release|Any CPU
		{6081DBF1-46CE-4983-A125-71B0133C7B60}.Release|Any CPU.Build.0 = Release|Any CPU
	EndGlobalSection
	GlobalSection(SolutionProperties) = preSolution
		HideSolutionNode = FALSE
	EndGlobalSection
	GlobalSection(ExtensibilityGlobals) = postSolution
		SolutionGuid = {62A68F44-E785-4438-A8DE-93C64CB33C63}
	EndGlobalSection
EndGlobal
